
Microsoft Visual Studio Solution File, Format Version 12.00
# Visual Studio Version 17
VisualStudioVersion = 17.13.35828.75
MinimumVisualStudioVersion = 10.0.40219.1
Project("{FAE04EC0-301F-11D3-BF4B-00C04F79EFBC}") = "DataAccess", "DataAccess\DataAccess.csproj", "{7C4985E8-6A4E-4EFC-AEFE-544D261C95EC}"
EndProject
Project("{FAE04EC0-301F-11D3-BF4B-00C04F79EFBC}") = "Business", "Business\Business.csproj", "{0D5458E7-5269-42CE-82E4-E33112A269DA}"
EndProject
Project("{FAE04EC0-301F-11D3-BF4B-00C04F79EFBC}") = "Entities", "Entities\Entities.csproj", "{C6EE0DD2-EEEF-4B0B-BB1A-A9AA0761C5C1}"
EndProject
Project("{FAE04EC0-301F-11D3-BF4B-00C04F79EFBC}") = "ConsoleUI", "ConsoleUI\ConsoleUI.csproj", "{58EA6D98-63FE-47A5-9F11-676F13F5A604}"
EndProject
Project("{FAE04EC0-301F-11D3-BF4B-00C04F79EFBC}") = "Core", "Core\Core.csproj", "{A0276263-F7E5-4108-970A-73DA251B4BA5}"
EndProject
Project("{FAE04EC0-301F-11D3-BF4B-00C04F79EFBC}") = "WebAPI", "WebAPI\WebAPI.csproj", "{EB201795-E02C-4F03-9A89-E1C0821CC556}"
EndProject
Global
	GlobalSection(SolutionConfigurationPlatforms) = preSolution
		Debug|Any CPU = Debug|Any CPU
		Release|Any CPU = Release|Any CPU
	EndGlobalSection
	GlobalSection(ProjectConfigurationPlatforms) = postSolution
		{7C4985E8-6A4E-4EFC-AEFE-544D261C95EC}.Debug|Any CPU.ActiveCfg = Debug|Any CPU
		{7C4985E8-6A4E-4EFC-AEFE-544D261C95EC}.Debug|Any CPU.Build.0 = Debug|Any CPU
		{7C4985E8-6A4E-4EFC-AEFE-544D261C95EC}.Release|Any CPU.ActiveCfg = Release|Any CPU
		{7C4985E8-6A4E-4EFC-AEFE-544D261C95EC}.Release|Any CPU.Build.0 = Release|Any CPU
		{0D5458E7-5269-42CE-82E4-E33112A269DA}.Debug|Any CPU.ActiveCfg = Debug|Any CPU
		{0D5458E7-5269-42CE-82E4-E33112A269DA}.Debug|Any CPU.Build.0 = Debug|Any CPU
		{0D5458E7-5269-42CE-82E4-E33112A269DA}.Release|Any CPU.ActiveCfg = Release|Any CPU
		{0D5458E7-5269-42CE-82E4-E33112A269DA}.Release|Any CPU.Build.0 = Release|Any CPU
		{C6EE0DD2-EEEF-4B0B-BB1A-A9AA0761C5C1}.Debug|Any CPU.ActiveCfg = Debug|Any CPU
		{C6EE0DD2-EEEF-4B0B-BB1A-A9AA0761C5C1}.Debug|Any CPU.Build.0 = Debug|Any CPU
		{C6EE0DD2-EEEF-4B0B-BB1A-A9AA0761C5C1}.Release|Any CPU.ActiveCfg = Release|Any CPU
		{C6EE0DD2-EEEF-4B0B-BB1A-A9AA0761C5C1}.Release|Any CPU.Build.0 = Release|Any CPU
		{58EA6D98-63FE-47A5-9F11-676F13F5A604}.Debug|Any CPU.ActiveCfg = Debug|Any CPU
		{58EA6D98-63FE-47A5-9F11-676F13F5A604}.Debug|Any CPU.Build.0 = Debug|Any CPU
		{58EA6D98-63FE-47A5-9F11-676F13F5A604}.Release|Any CPU.ActiveCfg = Release|Any CPU
		{58EA6D98-63FE-47A5-9F11-676F13F5A604}.Release|Any CPU.Build.0 = Release|Any CPU
		{A0276263-F7E5-4108-970A-73DA251B4BA5}.Debug|Any CPU.ActiveCfg = Debug|Any CPU
		{A0276263-F7E5-4108-970A-73DA251B4BA5}.Debug|Any CPU.Build.0 = Debug|Any CPU
		{A0276263-F7E5-4108-970A-73DA251B4BA5}.Release|Any CPU.ActiveCfg = Release|Any CPU
		{A0276263-F7E5-4108-970A-73DA251B4BA5}.Release|Any CPU.Build.0 = Release|Any CPU
		{EB201795-E02C-4F03-9A89-E1C0821CC556}.Debug|Any CPU.ActiveCfg = Debug|Any CPU
		{EB201795-E02C-4F03-9A89-E1C0821CC556}.Debug|Any CPU.Build.0 = Debug|Any CPU
		{EB201795-E02C-4F03-9A89-E1C0821CC556}.Release|Any CPU.ActiveCfg = Release|Any CPU
		{EB201795-E02C-4F03-9A89-E1C0821CC556}.Release|Any CPU.Build.0 = Release|Any CPU
	EndGlobalSection
	GlobalSection(SolutionProperties) = preSolution
		HideSolutionNode = FALSE
	EndGlobalSection
	GlobalSection(ExtensibilityGlobals) = postSolution
		SolutionGuid = {0B033115-4B44-4EFA-8DF7-FDF15E332F05}
	EndGlobalSection
EndGlobal
